
Microsoft Visual Studio Solution File, Format Version 12.00
Project("{FAE04EC0-301F-11D3-BF4B-00C04F79EFBC}") = "GeekBurger.Products", "GeekBurger.Products\GeekBurger.Products.csproj", "{64CCE453-5A3D-421C-8805-ECD0E6C9FE55}"
EndProject
Project("{FAE04EC0-301F-11D3-BF4B-00C04F79EFBC}") = "GeekBurger.Products.Contract", "GeekBurger.Products.Contract\GeekBurger.Products.Contract.csproj", "{2940D909-579A-4A98-A72B-24320D0482F6}"
EndProject
Global
	GlobalSection(SolutionConfigurationPlatforms) = preSolution
		Debug|Any CPU = Debug|Any CPU
		Release|Any CPU = Release|Any CPU
	EndGlobalSection
	GlobalSection(ProjectConfigurationPlatforms) = postSolution
		{64CCE453-5A3D-421C-8805-ECD0E6C9FE55}.Debug|Any CPU.ActiveCfg = Debug|Any CPU
		{64CCE453-5A3D-421C-8805-ECD0E6C9FE55}.Debug|Any CPU.Build.0 = Debug|Any CPU
		{64CCE453-5A3D-421C-8805-ECD0E6C9FE55}.Release|Any CPU.ActiveCfg = Release|Any CPU
		{64CCE453-5A3D-421C-8805-ECD0E6C9FE55}.Release|Any CPU.Build.0 = Release|Any CPU
		{2940D909-579A-4A98-A72B-24320D0482F6}.Debug|Any CPU.ActiveCfg = Debug|Any CPU
		{2940D909-579A-4A98-A72B-24320D0482F6}.Debug|Any CPU.Build.0 = Debug|Any CPU
		{2940D909-579A-4A98-A72B-24320D0482F6}.Release|Any CPU.ActiveCfg = Release|Any CPU
		{2940D909-579A-4A98-A72B-24320D0482F6}.Release|Any CPU.Build.0 = Release|Any CPU
	EndGlobalSection
EndGlobal
